
Microsoft Visual Studio Solution File, Format Version 12.00
# Visual Studio Version 16
VisualStudioVersion = 16.0.31702.278
MinimumVisualStudioVersion = 10.0.40219.1
Project("{9A19103F-16F7-4668-BE54-9A1E7A4F7556}") = "2022P4csharp", "2022P4csharp\2022P4csharp.csproj", "{B2BBE4DA-0DA6-47AA-A57F-539ED0DC6195}"
EndProject
Project("{9A19103F-16F7-4668-BE54-9A1E7A4F7556}") = "Enums", "Enums\Enums.csproj", "{5F38B3CF-E4A9-4AA0-8A4D-4F4D7D78AFBC}"
EndProject
Project("{FAE04EC0-301F-11D3-BF4B-00C04F79EFBC}") = "FileDirOpdracht", "FileDirOpdracht\FileDirOpdracht.csproj", "{37AB121B-6C22-4A21-A97F-9CD2D054E303}"
EndProject
Global
	GlobalSection(SolutionConfigurationPlatforms) = preSolution
		Debug|Any CPU = Debug|Any CPU
		Release|Any CPU = Release|Any CPU
	EndGlobalSection
	GlobalSection(ProjectConfigurationPlatforms) = postSolution
		{B2BBE4DA-0DA6-47AA-A57F-539ED0DC6195}.Debug|Any CPU.ActiveCfg = Debug|Any CPU
		{B2BBE4DA-0DA6-47AA-A57F-539ED0DC6195}.Debug|Any CPU.Build.0 = Debug|Any CPU
		{B2BBE4DA-0DA6-47AA-A57F-539ED0DC6195}.Release|Any CPU.ActiveCfg = Release|Any CPU
		{B2BBE4DA-0DA6-47AA-A57F-539ED0DC6195}.Release|Any CPU.Build.0 = Release|Any CPU
		{5F38B3CF-E4A9-4AA0-8A4D-4F4D7D78AFBC}.Debug|Any CPU.ActiveCfg = Debug|Any CPU
		{5F38B3CF-E4A9-4AA0-8A4D-4F4D7D78AFBC}.Debug|Any CPU.Build.0 = Debug|Any CPU
		{5F38B3CF-E4A9-4AA0-8A4D-4F4D7D78AFBC}.Release|Any CPU.ActiveCfg = Release|Any CPU
		{5F38B3CF-E4A9-4AA0-8A4D-4F4D7D78AFBC}.Release|Any CPU.Build.0 = Release|Any CPU
		{37AB121B-6C22-4A21-A97F-9CD2D054E303}.Debug|Any CPU.ActiveCfg = Debug|Any CPU
		{37AB121B-6C22-4A21-A97F-9CD2D054E303}.Debug|Any CPU.Build.0 = Debug|Any CPU
		{37AB121B-6C22-4A21-A97F-9CD2D054E303}.Release|Any CPU.ActiveCfg = Release|Any CPU
		{37AB121B-6C22-4A21-A97F-9CD2D054E303}.Release|Any CPU.Build.0 = Release|Any CPU
	EndGlobalSection
	GlobalSection(SolutionProperties) = preSolution
		HideSolutionNode = FALSE
	EndGlobalSection
	GlobalSection(ExtensibilityGlobals) = postSolution
		SolutionGuid = {64096F3A-B7DA-43C8-B82C-2C4FD0EECB8F}
	EndGlobalSection
EndGlobal
